
Microsoft Visual Studio Solution File, Format Version 12.00
# Visual Studio Version 17
VisualStudioVersion = 17.11.35312.102
MinimumVisualStudioVersion = 10.0.40219.1
Project("{8BC9CEB8-8B4A-11D0-8D11-00A0C91BC942}") = "Задание 1", "Задание 1\Задание 1.vcxproj", "{86C531F5-2E98-45EF-96E7-572B0B7925E6}"
EndProject
Project("{8BC9CEB8-8B4A-11D0-8D11-00A0C91BC942}") = "Задание 2", "Заданеи 2\Заданеи 2.vcxproj", "{0518BD14-7BFD-4937-BC5F-A05C24AA651A}"
EndProject
Project("{8BC9CEB8-8B4A-11D0-8D11-00A0C91BC942}") = "Задание 3", "Задание 3\Задание 3.vcxproj", "{904E5091-5939-4870-8443-C5BD023F1A61}"
EndProject
Project("{8BC9CEB8-8B4A-11D0-8D11-00A0C91BC942}") = "Задание 4.1", "Задание 4.1\Задание 4.1.vcxproj", "{5602F4CD-F146-4F0C-B658-0C7873EAAC3D}"
EndProject
Project("{8BC9CEB8-8B4A-11D0-8D11-00A0C91BC942}") = "Задание 4.2.1", "Задание 4.2.1\Задание 4.2.1.vcxproj", "{A374CDBC-A03C-4D08-9FEA-2C9741F2F9C5}"
EndProject
Global
	GlobalSection(SolutionConfigurationPlatforms) = preSolution
		Debug|x64 = Debug|x64
		Debug|x86 = Debug|x86
		Release|x64 = Release|x64
		Release|x86 = Release|x86
	EndGlobalSection
	GlobalSection(ProjectConfigurationPlatforms) = postSolution
		{86C531F5-2E98-45EF-96E7-572B0B7925E6}.Debug|x64.ActiveCfg = Debug|x64
		{86C531F5-2E98-45EF-96E7-572B0B7925E6}.Debug|x64.Build.0 = Debug|x64
		{86C531F5-2E98-45EF-96E7-572B0B7925E6}.Debug|x86.ActiveCfg = Debug|Win32
		{86C531F5-2E98-45EF-96E7-572B0B7925E6}.Debug|x86.Build.0 = Debug|Win32
		{86C531F5-2E98-45EF-96E7-572B0B7925E6}.Release|x64.ActiveCfg = Release|x64
		{86C531F5-2E98-45EF-96E7-572B0B7925E6}.Release|x64.Build.0 = Release|x64
		{86C531F5-2E98-45EF-96E7-572B0B7925E6}.Release|x86.ActiveCfg = Release|Win32
		{86C531F5-2E98-45EF-96E7-572B0B7925E6}.Release|x86.Build.0 = Release|Win32
		{0518BD14-7BFD-4937-BC5F-A05C24AA651A}.Debug|x64.ActiveCfg = Debug|x64
		{0518BD14-7BFD-4937-BC5F-A05C24AA651A}.Debug|x64.Build.0 = Debug|x64
		{0518BD14-7BFD-4937-BC5F-A05C24AA651A}.Debug|x86.ActiveCfg = Debug|Win32
		{0518BD14-7BFD-4937-BC5F-A05C24AA651A}.Debug|x86.Build.0 = Debug|Win32
		{0518BD14-7BFD-4937-BC5F-A05C24AA651A}.Release|x64.ActiveCfg = Release|x64
		{0518BD14-7BFD-4937-BC5F-A05C24AA651A}.Release|x64.Build.0 = Release|x64
		{0518BD14-7BFD-4937-BC5F-A05C24AA651A}.Release|x86.ActiveCfg = Release|Win32
		{0518BD14-7BFD-4937-BC5F-A05C24AA651A}.Release|x86.Build.0 = Release|Win32
		{904E5091-5939-4870-8443-C5BD023F1A61}.Debug|x64.ActiveCfg = Debug|x64
		{904E5091-5939-4870-8443-C5BD023F1A61}.Debug|x64.Build.0 = Debug|x64
		{904E5091-5939-4870-8443-C5BD023F1A61}.Debug|x86.ActiveCfg = Debug|Win32
		{904E5091-5939-4870-8443-C5BD023F1A61}.Debug|x86.Build.0 = Debug|Win32
		{904E5091-5939-4870-8443-C5BD023F1A61}.Release|x64.ActiveCfg = Release|x64
		{904E5091-5939-4870-8443-C5BD023F1A61}.Release|x64.Build.0 = Release|x64
		{904E5091-5939-4870-8443-C5BD023F1A61}.Release|x86.ActiveCfg = Release|Win32
		{904E5091-5939-4870-8443-C5BD023F1A61}.Release|x86.Build.0 = Release|Win32
		{5602F4CD-F146-4F0C-B658-0C7873EAAC3D}.Debug|x64.ActiveCfg = Debug|x64
		{5602F4CD-F146-4F0C-B658-0C7873EAAC3D}.Debug|x64.Build.0 = Debug|x64
		{5602F4CD-F146-4F0C-B658-0C7873EAAC3D}.Debug|x86.ActiveCfg = Debug|Win32
		{5602F4CD-F146-4F0C-B658-0C7873EAAC3D}.Debug|x86.Build.0 = Debug|Win32
		{5602F4CD-F146-4F0C-B658-0C7873EAAC3D}.Release|x64.ActiveCfg = Release|x64
		{5602F4CD-F146-4F0C-B658-0C7873EAAC3D}.Release|x64.Build.0 = Release|x64
		{5602F4CD-F146-4F0C-B658-0C7873EAAC3D}.Release|x86.ActiveCfg = Release|Win32
		{5602F4CD-F146-4F0C-B658-0C7873EAAC3D}.Release|x86.Build.0 = Release|Win32
		{A374CDBC-A03C-4D08-9FEA-2C9741F2F9C5}.Debug|x64.ActiveCfg = Debug|x64
		{A374CDBC-A03C-4D08-9FEA-2C9741F2F9C5}.Debug|x64.Build.0 = Debug|x64
		{A374CDBC-A03C-4D08-9FEA-2C9741F2F9C5}.Debug|x86.ActiveCfg = Debug|Win32
		{A374CDBC-A03C-4D08-9FEA-2C9741F2F9C5}.Debug|x86.Build.0 = Debug|Win32
		{A374CDBC-A03C-4D08-9FEA-2C9741F2F9C5}.Release|x64.ActiveCfg = Release|x64
		{A374CDBC-A03C-4D08-9FEA-2C9741F2F9C5}.Release|x64.Build.0 = Release|x64
		{A374CDBC-A03C-4D08-9FEA-2C9741F2F9C5}.Release|x86.ActiveCfg = Release|Win32
		{A374CDBC-A03C-4D08-9FEA-2C9741F2F9C5}.Release|x86.Build.0 = Release|Win32
	EndGlobalSection
	GlobalSection(SolutionProperties) = preSolution
		HideSolutionNode = FALSE
	EndGlobalSection
	GlobalSection(ExtensibilityGlobals) = postSolution
		SolutionGuid = {6BFE5E2E-F40E-46B7-8E35-C54B14588FE6}
	EndGlobalSection
EndGlobal
