
Microsoft Visual Studio Solution File, Format Version 12.00
# Visual Studio Version 17
VisualStudioVersion = 17.11.35312.102
MinimumVisualStudioVersion = 10.0.40219.1
Project("{8BC9CEB8-8B4A-11D0-8D11-00A0C91BC942}") = "Зад 1", "Зад 1\Зад 1.vcxproj", "{D7D34899-4AA6-40FF-A9E4-6EB19854EFA0}"
EndProject
Project("{8BC9CEB8-8B4A-11D0-8D11-00A0C91BC942}") = "Зад 2", "Зад 2\Зад 2.vcxproj", "{5AA27DB7-F9D1-4A74-8B25-D366649F5D9E}"
EndProject
Project("{8BC9CEB8-8B4A-11D0-8D11-00A0C91BC942}") = "Зад 3", "..\Зад 3\Зад 3.vcxproj", "{C25E4CCD-B3ED-4940-A700-62EFFBC706B7}"
EndProject
Project("{8BC9CEB8-8B4A-11D0-8D11-00A0C91BC942}") = "Зад 4", "..\Зад 4\Зад 4.vcxproj", "{5AEFF85E-8320-46DE-8C96-F4CA421DC1DE}"
EndProject
Project("{8BC9CEB8-8B4A-11D0-8D11-00A0C91BC942}") = "Зад 5(1)", "Зад 5(1)\Зад 5(1).vcxproj", "{012767D2-547C-40A1-8EF1-C057137BDC32}"
EndProject
Project("{8BC9CEB8-8B4A-11D0-8D11-00A0C91BC942}") = "Зад5(2)", "Зад5(2)\Зад5(2).vcxproj", "{CF2DFA05-923E-4E25-BB02-A3DE43F5F2AD}"
EndProject
Project("{8BC9CEB8-8B4A-11D0-8D11-00A0C91BC942}") = "Зад5(3)", "Зад5(3)\Зад5(3).vcxproj", "{21968B9E-B0E1-4E3B-A4A8-6FB659EA80C1}"
EndProject
Project("{8BC9CEB8-8B4A-11D0-8D11-00A0C91BC942}") = "Доп(1)", "Доп(1)\Доп(1).vcxproj", "{46D2A9CE-D364-475B-B220-881EDDE997C6}"
EndProject
Project("{8BC9CEB8-8B4A-11D0-8D11-00A0C91BC942}") = "Доп2", "Доп2\Доп2.vcxproj", "{8B9D0537-3747-4DDB-B2CA-4E883FA71819}"
EndProject
Project("{8BC9CEB8-8B4A-11D0-8D11-00A0C91BC942}") = "Доп(3)", "Доп(3)\Доп(3).vcxproj", "{2200BBD8-25DB-4EDF-A480-CDE0EE11570C}"
EndProject
Global
	GlobalSection(SolutionConfigurationPlatforms) = preSolution
		Debug|x64 = Debug|x64
		Debug|x86 = Debug|x86
		Release|x64 = Release|x64
		Release|x86 = Release|x86
	EndGlobalSection
	GlobalSection(ProjectConfigurationPlatforms) = postSolution
		{D7D34899-4AA6-40FF-A9E4-6EB19854EFA0}.Debug|x64.ActiveCfg = Debug|x64
		{D7D34899-4AA6-40FF-A9E4-6EB19854EFA0}.Debug|x64.Build.0 = Debug|x64
		{D7D34899-4AA6-40FF-A9E4-6EB19854EFA0}.Debug|x86.ActiveCfg = Debug|Win32
		{D7D34899-4AA6-40FF-A9E4-6EB19854EFA0}.Debug|x86.Build.0 = Debug|Win32
		{D7D34899-4AA6-40FF-A9E4-6EB19854EFA0}.Release|x64.ActiveCfg = Release|x64
		{D7D34899-4AA6-40FF-A9E4-6EB19854EFA0}.Release|x64.Build.0 = Release|x64
		{D7D34899-4AA6-40FF-A9E4-6EB19854EFA0}.Release|x86.ActiveCfg = Release|Win32
		{D7D34899-4AA6-40FF-A9E4-6EB19854EFA0}.Release|x86.Build.0 = Release|Win32
		{5AA27DB7-F9D1-4A74-8B25-D366649F5D9E}.Debug|x64.ActiveCfg = Debug|x64
		{5AA27DB7-F9D1-4A74-8B25-D366649F5D9E}.Debug|x64.Build.0 = Debug|x64
		{5AA27DB7-F9D1-4A74-8B25-D366649F5D9E}.Debug|x86.ActiveCfg = Debug|Win32
		{5AA27DB7-F9D1-4A74-8B25-D366649F5D9E}.Debug|x86.Build.0 = Debug|Win32
		{5AA27DB7-F9D1-4A74-8B25-D366649F5D9E}.Release|x64.ActiveCfg = Release|x64
		{5AA27DB7-F9D1-4A74-8B25-D366649F5D9E}.Release|x64.Build.0 = Release|x64
		{5AA27DB7-F9D1-4A74-8B25-D366649F5D9E}.Release|x86.ActiveCfg = Release|Win32
		{5AA27DB7-F9D1-4A74-8B25-D366649F5D9E}.Release|x86.Build.0 = Release|Win32
		{C25E4CCD-B3ED-4940-A700-62EFFBC706B7}.Debug|x64.ActiveCfg = Debug|x64
		{C25E4CCD-B3ED-4940-A700-62EFFBC706B7}.Debug|x64.Build.0 = Debug|x64
		{C25E4CCD-B3ED-4940-A700-62EFFBC706B7}.Debug|x86.ActiveCfg = Debug|Win32
		{C25E4CCD-B3ED-4940-A700-62EFFBC706B7}.Debug|x86.Build.0 = Debug|Win32
		{C25E4CCD-B3ED-4940-A700-62EFFBC706B7}.Release|x64.ActiveCfg = Release|x64
		{C25E4CCD-B3ED-4940-A700-62EFFBC706B7}.Release|x64.Build.0 = Release|x64
		{C25E4CCD-B3ED-4940-A700-62EFFBC706B7}.Release|x86.ActiveCfg = Release|Win32
		{C25E4CCD-B3ED-4940-A700-62EFFBC706B7}.Release|x86.Build.0 = Release|Win32
		{5AEFF85E-8320-46DE-8C96-F4CA421DC1DE}.Debug|x64.ActiveCfg = Debug|x64
		{5AEFF85E-8320-46DE-8C96-F4CA421DC1DE}.Debug|x64.Build.0 = Debug|x64
		{5AEFF85E-8320-46DE-8C96-F4CA421DC1DE}.Debug|x86.ActiveCfg = Debug|Win32
		{5AEFF85E-8320-46DE-8C96-F4CA421DC1DE}.Debug|x86.Build.0 = Debug|Win32
		{5AEFF85E-8320-46DE-8C96-F4CA421DC1DE}.Release|x64.ActiveCfg = Release|x64
		{5AEFF85E-8320-46DE-8C96-F4CA421DC1DE}.Release|x64.Build.0 = Release|x64
		{5AEFF85E-8320-46DE-8C96-F4CA421DC1DE}.Release|x86.ActiveCfg = Release|Win32
		{5AEFF85E-8320-46DE-8C96-F4CA421DC1DE}.Release|x86.Build.0 = Release|Win32
		{012767D2-547C-40A1-8EF1-C057137BDC32}.Debug|x64.ActiveCfg = Debug|x64
		{012767D2-547C-40A1-8EF1-C057137BDC32}.Debug|x64.Build.0 = Debug|x64
		{012767D2-547C-40A1-8EF1-C057137BDC32}.Debug|x86.ActiveCfg = Debug|Win32
		{012767D2-547C-40A1-8EF1-C057137BDC32}.Debug|x86.Build.0 = Debug|Win32
		{012767D2-547C-40A1-8EF1-C057137BDC32}.Release|x64.ActiveCfg = Release|x64
		{012767D2-547C-40A1-8EF1-C057137BDC32}.Release|x64.Build.0 = Release|x64
		{012767D2-547C-40A1-8EF1-C057137BDC32}.Release|x86.ActiveCfg = Release|Win32
		{012767D2-547C-40A1-8EF1-C057137BDC32}.Release|x86.Build.0 = Release|Win32
		{CF2DFA05-923E-4E25-BB02-A3DE43F5F2AD}.Debug|x64.ActiveCfg = Debug|x64
		{CF2DFA05-923E-4E25-BB02-A3DE43F5F2AD}.Debug|x64.Build.0 = Debug|x64
		{CF2DFA05-923E-4E25-BB02-A3DE43F5F2AD}.Debug|x86.ActiveCfg = Debug|Win32
		{CF2DFA05-923E-4E25-BB02-A3DE43F5F2AD}.Debug|x86.Build.0 = Debug|Win32
		{CF2DFA05-923E-4E25-BB02-A3DE43F5F2AD}.Release|x64.ActiveCfg = Release|x64
		{CF2DFA05-923E-4E25-BB02-A3DE43F5F2AD}.Release|x64.Build.0 = Release|x64
		{CF2DFA05-923E-4E25-BB02-A3DE43F5F2AD}.Release|x86.ActiveCfg = Release|Win32
		{CF2DFA05-923E-4E25-BB02-A3DE43F5F2AD}.Release|x86.Build.0 = Release|Win32
		{21968B9E-B0E1-4E3B-A4A8-6FB659EA80C1}.Debug|x64.ActiveCfg = Debug|x64
		{21968B9E-B0E1-4E3B-A4A8-6FB659EA80C1}.Debug|x64.Build.0 = Debug|x64
		{21968B9E-B0E1-4E3B-A4A8-6FB659EA80C1}.Debug|x86.ActiveCfg = Debug|Win32
		{21968B9E-B0E1-4E3B-A4A8-6FB659EA80C1}.Debug|x86.Build.0 = Debug|Win32
		{21968B9E-B0E1-4E3B-A4A8-6FB659EA80C1}.Release|x64.ActiveCfg = Release|x64
		{21968B9E-B0E1-4E3B-A4A8-6FB659EA80C1}.Release|x64.Build.0 = Release|x64
		{21968B9E-B0E1-4E3B-A4A8-6FB659EA80C1}.Release|x86.ActiveCfg = Release|Win32
		{21968B9E-B0E1-4E3B-A4A8-6FB659EA80C1}.Release|x86.Build.0 = Release|Win32
		{46D2A9CE-D364-475B-B220-881EDDE997C6}.Debug|x64.ActiveCfg = Debug|x64
		{46D2A9CE-D364-475B-B220-881EDDE997C6}.Debug|x64.Build.0 = Debug|x64
		{46D2A9CE-D364-475B-B220-881EDDE997C6}.Debug|x86.ActiveCfg = Debug|Win32
		{46D2A9CE-D364-475B-B220-881EDDE997C6}.Debug|x86.Build.0 = Debug|Win32
		{46D2A9CE-D364-475B-B220-881EDDE997C6}.Release|x64.ActiveCfg = Release|x64
		{46D2A9CE-D364-475B-B220-881EDDE997C6}.Release|x64.Build.0 = Release|x64
		{46D2A9CE-D364-475B-B220-881EDDE997C6}.Release|x86.ActiveCfg = Release|Win32
		{46D2A9CE-D364-475B-B220-881EDDE997C6}.Release|x86.Build.0 = Release|Win32
		{8B9D0537-3747-4DDB-B2CA-4E883FA71819}.Debug|x64.ActiveCfg = Debug|x64
		{8B9D0537-3747-4DDB-B2CA-4E883FA71819}.Debug|x64.Build.0 = Debug|x64
		{8B9D0537-3747-4DDB-B2CA-4E883FA71819}.Debug|x86.ActiveCfg = Debug|Win32
		{8B9D0537-3747-4DDB-B2CA-4E883FA71819}.Debug|x86.Build.0 = Debug|Win32
		{8B9D0537-3747-4DDB-B2CA-4E883FA71819}.Release|x64.ActiveCfg = Release|x64
		{8B9D0537-3747-4DDB-B2CA-4E883FA71819}.Release|x64.Build.0 = Release|x64
		{8B9D0537-3747-4DDB-B2CA-4E883FA71819}.Release|x86.ActiveCfg = Release|Win32
		{8B9D0537-3747-4DDB-B2CA-4E883FA71819}.Release|x86.Build.0 = Release|Win32
		{2200BBD8-25DB-4EDF-A480-CDE0EE11570C}.Debug|x64.ActiveCfg = Debug|x64
		{2200BBD8-25DB-4EDF-A480-CDE0EE11570C}.Debug|x64.Build.0 = Debug|x64
		{2200BBD8-25DB-4EDF-A480-CDE0EE11570C}.Debug|x86.ActiveCfg = Debug|Win32
		{2200BBD8-25DB-4EDF-A480-CDE0EE11570C}.Debug|x86.Build.0 = Debug|Win32
		{2200BBD8-25DB-4EDF-A480-CDE0EE11570C}.Release|x64.ActiveCfg = Release|x64
		{2200BBD8-25DB-4EDF-A480-CDE0EE11570C}.Release|x64.Build.0 = Release|x64
		{2200BBD8-25DB-4EDF-A480-CDE0EE11570C}.Release|x86.ActiveCfg = Release|Win32
		{2200BBD8-25DB-4EDF-A480-CDE0EE11570C}.Release|x86.Build.0 = Release|Win32
	EndGlobalSection
	GlobalSection(SolutionProperties) = preSolution
		HideSolutionNode = FALSE
	EndGlobalSection
	GlobalSection(ExtensibilityGlobals) = postSolution
		SolutionGuid = {295167F5-0E9B-4412-85D7-D220BC269D75}
	EndGlobalSection
EndGlobal
