
Microsoft Visual Studio Solution File, Format Version 12.00
# Visual Studio Version 17
VisualStudioVersion = 17.12.35707.178 d17.12
MinimumVisualStudioVersion = 10.0.40219.1
Project("{8BC9CEB8-8B4A-11D0-8D11-00A0C91BC942}") = "task1", "task1\task1.vcxproj", "{51D84D3F-C705-45C6-AA07-6955AB034305}"
EndProject
Project("{8BC9CEB8-8B4A-11D0-8D11-00A0C91BC942}") = "task2", "task2\task2.vcxproj", "{D197F944-AF1C-4A52-B67C-2C1D22B17077}"
EndProject
Global
	GlobalSection(SolutionConfigurationPlatforms) = preSolution
		Debug|x64 = Debug|x64
		Debug|x86 = Debug|x86
		Release|x64 = Release|x64
		Release|x86 = Release|x86
	EndGlobalSection
	GlobalSection(ProjectConfigurationPlatforms) = postSolution
		{51D84D3F-C705-45C6-AA07-6955AB034305}.Debug|x64.ActiveCfg = Debug|x64
		{51D84D3F-C705-45C6-AA07-6955AB034305}.Debug|x64.Build.0 = Debug|x64
		{51D84D3F-C705-45C6-AA07-6955AB034305}.Debug|x86.ActiveCfg = Debug|Win32
		{51D84D3F-C705-45C6-AA07-6955AB034305}.Debug|x86.Build.0 = Debug|Win32
		{51D84D3F-C705-45C6-AA07-6955AB034305}.Release|x64.ActiveCfg = Release|x64
		{51D84D3F-C705-45C6-AA07-6955AB034305}.Release|x64.Build.0 = Release|x64
		{51D84D3F-C705-45C6-AA07-6955AB034305}.Release|x86.ActiveCfg = Release|Win32
		{51D84D3F-C705-45C6-AA07-6955AB034305}.Release|x86.Build.0 = Release|Win32
		{D197F944-AF1C-4A52-B67C-2C1D22B17077}.Debug|x64.ActiveCfg = Debug|x64
		{D197F944-AF1C-4A52-B67C-2C1D22B17077}.Debug|x64.Build.0 = Debug|x64
		{D197F944-AF1C-4A52-B67C-2C1D22B17077}.Debug|x86.ActiveCfg = Debug|Win32
		{D197F944-AF1C-4A52-B67C-2C1D22B17077}.Debug|x86.Build.0 = Debug|Win32
		{D197F944-AF1C-4A52-B67C-2C1D22B17077}.Release|x64.ActiveCfg = Release|x64
		{D197F944-AF1C-4A52-B67C-2C1D22B17077}.Release|x64.Build.0 = Release|x64
		{D197F944-AF1C-4A52-B67C-2C1D22B17077}.Release|x86.ActiveCfg = Release|Win32
		{D197F944-AF1C-4A52-B67C-2C1D22B17077}.Release|x86.Build.0 = Release|Win32
	EndGlobalSection
	GlobalSection(SolutionProperties) = preSolution
		HideSolutionNode = FALSE
	EndGlobalSection
EndGlobal
